// !$*UTF8*$!
{
	archiveVersion = 1;
	classes = {
	};
	objectVersion = 50;
	objects = {

/* Begin PBXBuildFile section */
		C43EDB752486799C0040EE59 /* AppDelegate.swift in Sources */ = {isa = PBXBuildFile; fileRef = C43EDB742486799C0040EE59 /* AppDelegate.swift */; };
		C43EDB772486799C0040EE59 /* SceneDelegate.swift in Sources */ = {isa = PBXBuildFile; fileRef = C43EDB762486799C0040EE59 /* SceneDelegate.swift */; };
		C43EDB792486799C0040EE59 /* ViewController.swift in Sources */ = {isa = PBXBuildFile; fileRef = C43EDB782486799C0040EE59 /* ViewController.swift */; };
		C43EDB7C2486799C0040EE59 /* Main.storyboard in Resources */ = {isa = PBXBuildFile; fileRef = C43EDB7A2486799C0040EE59 /* Main.storyboard */; };
		C43EDB81248679A30040EE59 /* Assets.xcassets in Resources */ = {isa = PBXBuildFile; fileRef = C43EDB80248679A30040EE59 /* Assets.xcassets */; };
		C43EDB84248679A30040EE59 /* LaunchScreen.storyboard in Resources */ = {isa = PBXBuildFile; fileRef = C43EDB82248679A30040EE59 /* LaunchScreen.storyboard */; };
		C43EDB8C24867CE00040EE59 /* PersonTableViewController.swift in Sources */ = {isa = PBXBuildFile; fileRef = C43EDB8B24867CE00040EE59 /* PersonTableViewController.swift */; };
		C43EDB91248684420040EE59 /* SecureDB.xcdatamodeld in Sources */ = {isa = PBXBuildFile; fileRef = C43EDB7D2486799C0040EE59 /* SecureDB.xcdatamodeld */; };
		C43EDB9924869ADE0040EE59 /* Person.swift in Sources */ = {isa = PBXBuildFile; fileRef = C43EDB9824869ADE0040EE59 /* Person.swift */; };
		C43EDB9B2486A18C0040EE59 /* PersonViewCell.swift in Sources */ = {isa = PBXBuildFile; fileRef = C43EDB9A2486A18C0040EE59 /* PersonViewCell.swift */; };
		C43EDB9D24878CA40040EE59 /* config.plist in Resources */ = {isa = PBXBuildFile; fileRef = C43EDB9C24878CA40040EE59 /* config.plist */; };
		C43EDB9F24878FB70040EE59 /* PlistUtils.swift in Sources */ = {isa = PBXBuildFile; fileRef = C43EDB9E24878FB70040EE59 /* PlistUtils.swift */; };
		C43EDBA12487A5800040EE59 /* CryptoUtils.swift in Sources */ = {isa = PBXBuildFile; fileRef = C43EDBA02487A5800040EE59 /* CryptoUtils.swift */; };
		C43EDBA32487A5E20040EE59 /* PersonController.swift in Sources */ = {isa = PBXBuildFile; fileRef = C43EDBA22487A5E20040EE59 /* PersonController.swift */; };
/* End PBXBuildFile section */

/* Begin PBXFileReference section */
		C43EDB712486799C0040EE59 /* SecureDB.app */ = {isa = PBXFileReference; explicitFileType = wrapper.application; includeInIndex = 0; path = SecureDB.app; sourceTree = BUILT_PRODUCTS_DIR; };
		C43EDB742486799C0040EE59 /* AppDelegate.swift */ = {isa = PBXFileReference; lastKnownFileType = sourcecode.swift; path = AppDelegate.swift; sourceTree = "<group>"; };
		C43EDB762486799C0040EE59 /* SceneDelegate.swift */ = {isa = PBXFileReference; lastKnownFileType = sourcecode.swift; path = SceneDelegate.swift; sourceTree = "<group>"; };
		C43EDB782486799C0040EE59 /* ViewController.swift */ = {isa = PBXFileReference; lastKnownFileType = sourcecode.swift; path = ViewController.swift; sourceTree = "<group>"; };
		C43EDB7B2486799C0040EE59 /* Base */ = {isa = PBXFileReference; lastKnownFileType = file.storyboard; name = Base; path = Base.lproj/Main.storyboard; sourceTree = "<group>"; };
		C43EDB7E2486799C0040EE59 /* SecureDB.xcdatamodel */ = {isa = PBXFileReference; lastKnownFileType = wrapper.xcdatamodel; path = SecureDB.xcdatamodel; sourceTree = "<group>"; };
		C43EDB80248679A30040EE59 /* Assets.xcassets */ = {isa = PBXFileReference; lastKnownFileType = folder.assetcatalog; path = Assets.xcassets; sourceTree = "<group>"; };
		C43EDB83248679A30040EE59 /* Base */ = {isa = PBXFileReference; lastKnownFileType = file.storyboard; name = Base; path = Base.lproj/LaunchScreen.storyboard; sourceTree = "<group>"; };
		C43EDB85248679A30040EE59 /* Info.plist */ = {isa = PBXFileReference; lastKnownFileType = text.plist.xml; path = Info.plist; sourceTree = "<group>"; };
		C43EDB8B24867CE00040EE59 /* PersonTableViewController.swift */ = {isa = PBXFileReference; lastKnownFileType = sourcecode.swift; path = PersonTableViewController.swift; sourceTree = "<group>"; };
		C43EDB9824869ADE0040EE59 /* Person.swift */ = {isa = PBXFileReference; lastKnownFileType = sourcecode.swift; path = Person.swift; sourceTree = "<group>"; };
		C43EDB9A2486A18C0040EE59 /* PersonViewCell.swift */ = {isa = PBXFileReference; lastKnownFileType = sourcecode.swift; path = PersonViewCell.swift; sourceTree = "<group>"; };
		C43EDB9C24878CA40040EE59 /* config.plist */ = {isa = PBXFileReference; lastKnownFileType = text.plist.xml; path = config.plist; sourceTree = "<group>"; };
		C43EDB9E24878FB70040EE59 /* PlistUtils.swift */ = {isa = PBXFileReference; lastKnownFileType = sourcecode.swift; path = PlistUtils.swift; sourceTree = "<group>"; };
		C43EDBA02487A5800040EE59 /* CryptoUtils.swift */ = {isa = PBXFileReference; lastKnownFileType = sourcecode.swift; path = CryptoUtils.swift; sourceTree = "<group>"; };
		C43EDBA22487A5E20040EE59 /* PersonController.swift */ = {isa = PBXFileReference; lastKnownFileType = sourcecode.swift; path = PersonController.swift; sourceTree = "<group>"; };
		C43EDBA42487C5A00040EE59 /* Person+CoreDataClass.swift */ = {isa = PBXFileReference; lastKnownFileType = sourcecode.swift; path = "Person+CoreDataClass.swift"; sourceTree = "<group>"; };
		C43EDBA52487C5A00040EE59 /* Person+CoreDataProperties.swift */ = {isa = PBXFileReference; lastKnownFileType = sourcecode.swift; path = "Person+CoreDataProperties.swift"; sourceTree = "<group>"; };
/* End PBXFileReference section */

/* Begin PBXFrameworksBuildPhase section */
		C43EDB6E2486799C0040EE59 /* Frameworks */ = {
			isa = PBXFrameworksBuildPhase;
			buildActionMask = 2147483647;
			files = (
			);
			runOnlyForDeploymentPostprocessing = 0;
		};
/* End PBXFrameworksBuildPhase section */

/* Begin PBXGroup section */
		C43EDB682486799C0040EE59 = {
			isa = PBXGroup;
			children = (
				C43EDBA42487C5A00040EE59 /* Person+CoreDataClass.swift */,
				C43EDBA52487C5A00040EE59 /* Person+CoreDataProperties.swift */,
				C43EDB732486799C0040EE59 /* SecureDB */,
				C43EDB722486799C0040EE59 /* Products */,
			);
			sourceTree = "<group>";
		};
		C43EDB722486799C0040EE59 /* Products */ = {
			isa = PBXGroup;
			children = (
				C43EDB712486799C0040EE59 /* SecureDB.app */,
			);
			name = Products;
			sourceTree = "<group>";
		};
		C43EDB732486799C0040EE59 /* SecureDB */ = {
			isa = PBXGroup;
			children = (
				C43EDB9C24878CA40040EE59 /* config.plist */,
				C43EDB742486799C0040EE59 /* AppDelegate.swift */,
				C43EDB762486799C0040EE59 /* SceneDelegate.swift */,
				C43EDB782486799C0040EE59 /* ViewController.swift */,
				C43EDB7A2486799C0040EE59 /* Main.storyboard */,
				C43EDB80248679A30040EE59 /* Assets.xcassets */,
				C43EDB82248679A30040EE59 /* LaunchScreen.storyboard */,
				C43EDB85248679A30040EE59 /* Info.plist */,
				C43EDB7D2486799C0040EE59 /* SecureDB.xcdatamodeld */,
				C43EDB8B24867CE00040EE59 /* PersonTableViewController.swift */,
				C43EDB9824869ADE0040EE59 /* Person.swift */,
				C43EDB9A2486A18C0040EE59 /* PersonViewCell.swift */,
				C43EDB9E24878FB70040EE59 /* PlistUtils.swift */,
				C43EDBA02487A5800040EE59 /* CryptoUtils.swift */,
				C43EDBA22487A5E20040EE59 /* PersonController.swift */,
			);
			path = SecureDB;
			sourceTree = "<group>";
		};
/* End PBXGroup section */

/* Begin PBXNativeTarget section */
		C43EDB702486799C0040EE59 /* SecureDB */ = {
			isa = PBXNativeTarget;
			buildConfigurationList = C43EDB88248679A30040EE59 /* Build configuration list for PBXNativeTarget "SecureDB" */;
			buildPhases = (
				C43EDB6D2486799C0040EE59 /* Sources */,
				C43EDB6E2486799C0040EE59 /* Frameworks */,
				C43EDB6F2486799C0040EE59 /* Resources */,
			);
			buildRules = (
			);
			dependencies = (
			);
			name = SecureDB;
			productName = SecureDB;
			productReference = C43EDB712486799C0040EE59 /* SecureDB.app */;
			productType = "com.apple.product-type.application";
		};
/* End PBXNativeTarget section */

/* Begin PBXProject section */
		C43EDB692486799C0040EE59 /* Project object */ = {
			isa = PBXProject;
			attributes = {
				LastSwiftUpdateCheck = 1130;
				LastUpgradeCheck = 1130;
				ORGANIZATIONNAME = ebejolli;
				TargetAttributes = {
					C43EDB702486799C0040EE59 = {
						CreatedOnToolsVersion = 11.3.1;
					};
				};
			};
			buildConfigurationList = C43EDB6C2486799C0040EE59 /* Build configuration list for PBXProject "SecureDB" */;
			compatibilityVersion = "Xcode 9.3";
			developmentRegion = en;
			hasScannedForEncodings = 0;
			knownRegions = (
				en,
				Base,
			);
			mainGroup = C43EDB682486799C0040EE59;
			productRefGroup = C43EDB722486799C0040EE59 /* Products */;
			projectDirPath = "";
			projectRoot = "";
			targets = (
				C43EDB702486799C0040EE59 /* SecureDB */,
			);
		};
/* End PBXProject section */

/* Begin PBXResourcesBuildPhase section */
		C43EDB6F2486799C0040EE59 /* Resources */ = {
			isa = PBXResourcesBuildPhase;
			buildActionMask = 2147483647;
			files = (
				C43EDB9D24878CA40040EE59 /* config.plist in Resources */,
				C43EDB84248679A30040EE59 /* LaunchScreen.storyboard in Resources */,
				C43EDB81248679A30040EE59 /* Assets.xcassets in Resources */,
				C43EDB7C2486799C0040EE59 /* Main.storyboard in Resources */,
			);
			runOnlyForDeploymentPostprocessing = 0;
		};
/* End PBXResourcesBuildPhase section */

/* Begin PBXSourcesBuildPhase section */
		C43EDB6D2486799C0040EE59 /* Sources */ = {
			isa = PBXSourcesBuildPhase;
			buildActionMask = 2147483647;
			files = (
				C43EDB9F24878FB70040EE59 /* PlistUtils.swift in Sources */,
				C43EDB8C24867CE00040EE59 /* PersonTableViewController.swift in Sources */,
				C43EDB9B2486A18C0040EE59 /* PersonViewCell.swift in Sources */,
				C43EDB792486799C0040EE59 /* ViewController.swift in Sources */,
				C43EDB752486799C0040EE59 /* AppDelegate.swift in Sources */,
				C43EDBA32487A5E20040EE59 /* PersonController.swift in Sources */,
				C43EDB9924869ADE0040EE59 /* Person.swift in Sources */,
				C43EDB772486799C0040EE59 /* SceneDelegate.swift in Sources */,
				C43EDBA12487A5800040EE59 /* CryptoUtils.swift in Sources */,
				C43EDB91248684420040EE59 /* SecureDB.xcdatamodeld in Sources */,
			);
			runOnlyForDeploymentPostprocessing = 0;
		};
/* End PBXSourcesBuildPhase section */

/* Begin PBXVariantGroup section */
		C43EDB7A2486799C0040EE59 /* Main.storyboard */ = {
			isa = PBXVariantGroup;
			children = (
				C43EDB7B2486799C0040EE59 /* Base */,
			);
			name = Main.storyboard;
			sourceTree = "<group>";
		};
		C43EDB82248679A30040EE59 /* LaunchScreen.storyboard */ = {
			isa = PBXVariantGroup;
			children = (
				C43EDB83248679A30040EE59 /* Base */,
			);
			name = LaunchScreen.storyboard;
			sourceTree = "<group>";
		};
/* End PBXVariantGroup section */

/* Begin XCBuildConfiguration section */
		C43EDB86248679A30040EE59 /* Debug */ = {
			isa = XCBuildConfiguration;
			buildSettings = {
				ALWAYS_SEARCH_USER_PATHS = NO;
				CLANG_ANALYZER_NONNULL = YES;
				CLANG_ANALYZER_NUMBER_OBJECT_CONVERSION = YES_AGGRESSIVE;
				CLANG_CXX_LANGUAGE_STANDARD = "gnu++14";
				CLANG_CXX_LIBRARY = "libc++";
				CLANG_ENABLE_MODULES = YES;
				CLANG_ENABLE_OBJC_ARC = YES;
				CLANG_ENABLE_OBJC_WEAK = YES;
				CLANG_WARN_BLOCK_CAPTURE_AUTORELEASING = YES;
				CLANG_WARN_BOOL_CONVERSION = YES;
				CLANG_WARN_COMMA = YES;
				CLANG_WARN_CONSTANT_CONVERSION = YES;
				CLANG_WARN_DEPRECATED_OBJC_IMPLEMENTATIONS = YES;
				CLANG_WARN_DIRECT_OBJC_ISA_USAGE = YES_ERROR;
				CLANG_WARN_DOCUMENTATION_COMMENTS = YES;
				CLANG_WARN_EMPTY_BODY = YES;
				CLANG_WARN_ENUM_CONVERSION = YES;
				CLANG_WARN_INFINITE_RECURSION = YES;
				CLANG_WARN_INT_CONVERSION = YES;
				CLANG_WARN_NON_LITERAL_NULL_CONVERSION = YES;
				CLANG_WARN_OBJC_IMPLICIT_RETAIN_SELF = YES;
				CLANG_WARN_OBJC_LITERAL_CONVERSION = YES;
				CLANG_WARN_OBJC_ROOT_CLASS = YES_ERROR;
				CLANG_WARN_RANGE_LOOP_ANALYSIS = YES;
				CLANG_WARN_STRICT_PROTOTYPES = YES;
				CLANG_WARN_SUSPICIOUS_MOVE = YES;
				CLANG_WARN_UNGUARDED_AVAILABILITY = YES_AGGRESSIVE;
				CLANG_WARN_UNREACHABLE_CODE = YES;
				CLANG_WARN__DUPLICATE_METHOD_MATCH = YES;
				COPY_PHASE_STRIP = NO;
				DEBUG_INFORMATION_FORMAT = dwarf;
				ENABLE_STRICT_OBJC_MSGSEND = YES;
				ENABLE_TESTABILITY = YES;
				GCC_C_LANGUAGE_STANDARD = gnu11;
				GCC_DYNAMIC_NO_PIC = NO;
				GCC_NO_COMMON_BLOCKS = YES;
				GCC_OPTIMIZATION_LEVEL = 0;
				GCC_PREPROCESSOR_DEFINITIONS = (
					"DEBUG=1",
					"$(inherited)",
				);
				GCC_WARN_64_TO_32_BIT_CONVERSION = YES;
				GCC_WARN_ABOUT_RETURN_TYPE = YES_ERROR;
				GCC_WARN_UNDECLARED_SELECTOR = YES;
				GCC_WARN_UNINITIALIZED_AUTOS = YES_AGGRESSIVE;
				GCC_WARN_UNUSED_FUNCTION = YES;
				GCC_WARN_UNUSED_VARIABLE = YES;
				IPHONEOS_DEPLOYMENT_TARGET = 13.2;
				MTL_ENABLE_DEBUG_INFO = INCLUDE_SOURCE;
				MTL_FAST_MATH = YES;
				ONLY_ACTIVE_ARCH = YES;
				SDKROOT = iphoneos;
				SWIFT_ACTIVE_COMPILATION_CONDITIONS = DEBUG;
				SWIFT_OPTIMIZATION_LEVEL = "-Onone";
			};
			name = Debug;
		};
		C43EDB87248679A30040EE59 /* Release */ = {
			isa = XCBuildConfiguration;
			buildSettings = {
				ALWAYS_SEARCH_USER_PATHS = NO;
				CLANG_ANALYZER_NONNULL = YES;
				CLANG_ANALYZER_NUMBER_OBJECT_CONVERSION = YES_AGGRESSIVE;
				CLANG_CXX_LANGUAGE_STANDARD = "gnu++14";
				CLANG_CXX_LIBRARY = "libc++";
				CLANG_ENABLE_MODULES = YES;
				CLANG_ENABLE_OBJC_ARC = YES;
				CLANG_ENABLE_OBJC_WEAK = YES;
				CLANG_WARN_BLOCK_CAPTURE_AUTORELEASING = YES;
				CLANG_WARN_BOOL_CONVERSION = YES;
				CLANG_WARN_COMMA = YES;
				CLANG_WARN_CONSTANT_CONVERSION = YES;
				CLANG_WARN_DEPRECATED_OBJC_IMPLEMENTATIONS = YES;
				CLANG_WARN_DIRECT_OBJC_ISA_USAGE = YES_ERROR;
				CLANG_WARN_DOCUMENTATION_COMMENTS = YES;
				CLANG_WARN_EMPTY_BODY = YES;
				CLANG_WARN_ENUM_CONVERSION = YES;
				CLANG_WARN_INFINITE_RECURSION = YES;
				CLANG_WARN_INT_CONVERSION = YES;
				CLANG_WARN_NON_LITERAL_NULL_CONVERSION = YES;
				CLANG_WARN_OBJC_IMPLICIT_RETAIN_SELF = YES;
				CLANG_WARN_OBJC_LITERAL_CONVERSION = YES;
				CLANG_WARN_OBJC_ROOT_CLASS = YES_ERROR;
				CLANG_WARN_RANGE_LOOP_ANALYSIS = YES;
				CLANG_WARN_STRICT_PROTOTYPES = YES;
				CLANG_WARN_SUSPICIOUS_MOVE = YES;
				CLANG_WARN_UNGUARDED_AVAILABILITY = YES_AGGRESSIVE;
				CLANG_WARN_UNREACHABLE_CODE = YES;
				CLANG_WARN__DUPLICATE_METHOD_MATCH = YES;
				COPY_PHASE_STRIP = NO;
				DEBUG_INFORMATION_FORMAT = "dwarf-with-dsym";
				ENABLE_NS_ASSERTIONS = NO;
				ENABLE_STRICT_OBJC_MSGSEND = YES;
				GCC_C_LANGUAGE_STANDARD = gnu11;
				GCC_NO_COMMON_BLOCKS = YES;
				GCC_WARN_64_TO_32_BIT_CONVERSION = YES;
				GCC_WARN_ABOUT_RETURN_TYPE = YES_ERROR;
				GCC_WARN_UNDECLARED_SELECTOR = YES;
				GCC_WARN_UNINITIALIZED_AUTOS = YES_AGGRESSIVE;
				GCC_WARN_UNUSED_FUNCTION = YES;
				GCC_WARN_UNUSED_VARIABLE = YES;
				IPHONEOS_DEPLOYMENT_TARGET = 13.2;
				MTL_ENABLE_DEBUG_INFO = NO;
				MTL_FAST_MATH = YES;
				SDKROOT = iphoneos;
				SWIFT_COMPILATION_MODE = wholemodule;
				SWIFT_OPTIMIZATION_LEVEL = "-O";
				VALIDATE_PRODUCT = YES;
			};
			name = Release;
		};
		C43EDB89248679A30040EE59 /* Debug */ = {
			isa = XCBuildConfiguration;
			buildSettings = {
				ASSETCATALOG_COMPILER_APPICON_NAME = AppIcon;
				CODE_SIGN_STYLE = Automatic;
				DEVELOPMENT_TEAM = 8CN5U7T2CM;
				INFOPLIST_FILE = SecureDB/Info.plist;
				LD_RUNPATH_SEARCH_PATHS = (
					"$(inherited)",
					"@executable_path/Frameworks",
				);
				PRODUCT_BUNDLE_IDENTIFIER = securedb.ebejolli.com.SecureDB;
				PRODUCT_NAME = "$(TARGET_NAME)";
				SWIFT_VERSION = 5.0;
				TARGETED_DEVICE_FAMILY = "1,2";
			};
			name = Debug;
		};
		C43EDB8A248679A30040EE59 /* Release */ = {
			isa = XCBuildConfiguration;
			buildSettings = {
				ASSETCATALOG_COMPILER_APPICON_NAME = AppIcon;
				CODE_SIGN_STYLE = Automatic;
				DEVELOPMENT_TEAM = 8CN5U7T2CM;
				INFOPLIST_FILE = SecureDB/Info.plist;
				LD_RUNPATH_SEARCH_PATHS = (
					"$(inherited)",
					"@executable_path/Frameworks",
				);
				PRODUCT_BUNDLE_IDENTIFIER = securedb.ebejolli.com.SecureDB;
				PRODUCT_NAME = "$(TARGET_NAME)";
				SWIFT_VERSION = 5.0;
				TARGETED_DEVICE_FAMILY = "1,2";
			};
			name = Release;
		};
/* End XCBuildConfiguration section */

/* Begin XCConfigurationList section */
		C43EDB6C2486799C0040EE59 /* Build configuration list for PBXProject "SecureDB" */ = {
			isa = XCConfigurationList;
			buildConfigurations = (
				C43EDB86248679A30040EE59 /* Debug */,
				C43EDB87248679A30040EE59 /* Release */,
			);
			defaultConfigurationIsVisible = 0;
			defaultConfigurationName = Release;
		};
		C43EDB88248679A30040EE59 /* Build configuration list for PBXNativeTarget "SecureDB" */ = {
			isa = XCConfigurationList;
			buildConfigurations = (
				C43EDB89248679A30040EE59 /* Debug */,
				C43EDB8A248679A30040EE59 /* Release */,
			);
			defaultConfigurationIsVisible = 0;
			defaultConfigurationName = Release;
		};
/* End XCConfigurationList section */

/* Begin XCVersionGroup section */
		C43EDB7D2486799C0040EE59 /* SecureDB.xcdatamodeld */ = {
			isa = XCVersionGroup;
			children = (
				C43EDB7E2486799C0040EE59 /* SecureDB.xcdatamodel */,
			);
			currentVersion = C43EDB7E2486799C0040EE59 /* SecureDB.xcdatamodel */;
			path = SecureDB.xcdatamodeld;
			sourceTree = "<group>";
			versionGroupType = wrapper.xcdatamodel;
		};
/* End XCVersionGroup section */
	};
	rootObject = C43EDB692486799C0040EE59 /* Project object */;
}
